
Microsoft Visual Studio Solution File, Format Version 12.00
# Visual Studio Version 17
VisualStudioVersion = 17.6.33829.357
MinimumVisualStudioVersion = 10.0.40219.1
Project("{FAE04EC0-301F-11D3-BF4B-00C04F79EFBC}") = "RockPaperScissors.WebApi", "RockPaperScissors.WebApi\RockPaperScissors.WebApi.csproj", "{9469ECDB-6FCD-41B3-B983-17F489F8D2BD}"
EndProject
Global
	GlobalSection(SolutionConfigurationPlatforms) = preSolution
		Debug|Any CPU = Debug|Any CPU
		Release|Any CPU = Release|Any CPU
	EndGlobalSection
	GlobalSection(ProjectConfigurationPlatforms) = postSolution
		{9469ECDB-6FCD-41B3-B983-17F489F8D2BD}.Debug|Any CPU.ActiveCfg = Debug|Any CPU
		{9469ECDB-6FCD-41B3-B983-17F489F8D2BD}.Debug|Any CPU.Build.0 = Debug|Any CPU
		{9469ECDB-6FCD-41B3-B983-17F489F8D2BD}.Release|Any CPU.ActiveCfg = Release|Any CPU
		{9469ECDB-6FCD-41B3-B983-17F489F8D2BD}.Release|Any CPU.Build.0 = Release|Any CPU
	EndGlobalSection
	GlobalSection(SolutionProperties) = preSolution
		HideSolutionNode = FALSE
	EndGlobalSection
	GlobalSection(ExtensibilityGlobals) = postSolution
		SolutionGuid = {15C74154-A819-4409-A6D2-AE66E68643C4}
	EndGlobalSection
EndGlobal
